// !$*UTF8*$!
{
	archiveVersion = 1;
	classes = {
	};
	objectVersion = 46;
	objects = {

/* Begin PBXBuildFile section */
		180B484F18ECB8A6008DCF1B /* NSString+ConvertToArray.m in Sources */ = {isa = PBXBuildFile; fileRef = 180B484E18ECB8A6008DCF1B /* NSString+ConvertToArray.m */; };
		181ABFD518C91FC300BA6F04 /* squirl.png in Resources */ = {isa = PBXBuildFile; fileRef = 181ABFD418C91FC300BA6F04 /* squirl.png */; };
		181ABFD718C925C500BA6F04 /* amazonUFO.png in Resources */ = {isa = PBXBuildFile; fileRef = 181ABFD618C925C500BA6F04 /* amazonUFO.png */; };
		181ABFDA18C93A1000BA6F04 /* ChatViewController.m in Sources */ = {isa = PBXBuildFile; fileRef = 181ABFD918C93A1000BA6F04 /* ChatViewController.m */; };
		18B2738B18EB4E33007A2225 /* HomeViewController.m in Sources */ = {isa = PBXBuildFile; fileRef = 18B2738A18EB4E33007A2225 /* HomeViewController.m */; };
		18DB095218C7D05500CAD97C /* MessagesViewController.m in Sources */ = {isa = PBXBuildFile; fileRef = 18DB095118C7D05500CAD97C /* MessagesViewController.m */; };
		18DB095518C7D06300CAD97C /* SettingsViewController.m in Sources */ = {isa = PBXBuildFile; fileRef = 18DB095418C7D06300CAD97C /* SettingsViewController.m */; };
		18DB095818C7D06F00CAD97C /* InviteViewController.m in Sources */ = {isa = PBXBuildFile; fileRef = 18DB095718C7D06F00CAD97C /* InviteViewController.m */; };
		18DB095B18C7D8A800CAD97C /* ChatSliderViewController.m in Sources */ = {isa = PBXBuildFile; fileRef = 18DB095A18C7D8A800CAD97C /* ChatSliderViewController.m */; };
		18DDF00818C66BD300330998 /* Foundation.framework in Frameworks */ = {isa = PBXBuildFile; fileRef = 18DDF00718C66BD300330998 /* Foundation.framework */; };
		18DDF00A18C66BD300330998 /* CoreGraphics.framework in Frameworks */ = {isa = PBXBuildFile; fileRef = 18DDF00918C66BD300330998 /* CoreGraphics.framework */; };
		18DDF00C18C66BD300330998 /* UIKit.framework in Frameworks */ = {isa = PBXBuildFile; fileRef = 18DDF00B18C66BD300330998 /* UIKit.framework */; };
		18DDF01218C66BD300330998 /* InfoPlist.strings in Resources */ = {isa = PBXBuildFile; fileRef = 18DDF01018C66BD300330998 /* InfoPlist.strings */; };
		18DDF01418C66BD300330998 /* main.m in Sources */ = {isa = PBXBuildFile; fileRef = 18DDF01318C66BD300330998 /* main.m */; };
		18DDF01818C66BD300330998 /* AppDelegate.m in Sources */ = {isa = PBXBuildFile; fileRef = 18DDF01718C66BD300330998 /* AppDelegate.m */; };
		18DDF01B18C66BD300330998 /* Main.storyboard in Resources */ = {isa = PBXBuildFile; fileRef = 18DDF01918C66BD300330998 /* Main.storyboard */; };
		18DDF02018C66BD300330998 /* Images.xcassets in Resources */ = {isa = PBXBuildFile; fileRef = 18DDF01F18C66BD300330998 /* Images.xcassets */; };
		18DDF02718C66BD300330998 /* XCTest.framework in Frameworks */ = {isa = PBXBuildFile; fileRef = 18DDF02618C66BD300330998 /* XCTest.framework */; };
		18DDF02818C66BD300330998 /* Foundation.framework in Frameworks */ = {isa = PBXBuildFile; fileRef = 18DDF00718C66BD300330998 /* Foundation.framework */; };
		18DDF02918C66BD300330998 /* UIKit.framework in Frameworks */ = {isa = PBXBuildFile; fileRef = 18DDF00B18C66BD300330998 /* UIKit.framework */; };
		18DDF03118C66BD300330998 /* InfoPlist.strings in Resources */ = {isa = PBXBuildFile; fileRef = 18DDF02F18C66BD300330998 /* InfoPlist.strings */; };
		18DDF03318C66BD300330998 /* WeNetworkTests.m in Sources */ = {isa = PBXBuildFile; fileRef = 18DDF03218C66BD300330998 /* WeNetworkTests.m */; };
		18DDF05118C681CF00330998 /* reveal-icon.png in Resources */ = {isa = PBXBuildFile; fileRef = 18DDF04C18C681CF00330998 /* reveal-icon.png */; };
		18DDF05218C681CF00330998 /* reveal-icon@2x.png in Resources */ = {isa = PBXBuildFile; fileRef = 18DDF04D18C681CF00330998 /* reveal-icon@2x.png */; };
		18DDF06118C6A69200330998 /* ECSlidingViewController.m in Sources */ = {isa = PBXBuildFile; fileRef = 18DDF05E18C6A69200330998 /* ECSlidingViewController.m */; };
		18DDF06218C6A69200330998 /* UIImage+ImageWithUIView.m in Sources */ = {isa = PBXBuildFile; fileRef = 18DDF06018C6A69200330998 /* UIImage+ImageWithUIView.m */; };
		18DDF06518C6A6B500330998 /* InitViewController.m in Sources */ = {isa = PBXBuildFile; fileRef = 18DDF06418C6A6B500330998 /* InitViewController.m */; };
		18DDF06818C6A6E500330998 /* MenuViewController.m in Sources */ = {isa = PBXBuildFile; fileRef = 18DDF06718C6A6E500330998 /* MenuViewController.m */; };
		18DDF07118C6A7D800330998 /* SelfProfileViewController.m in Sources */ = {isa = PBXBuildFile; fileRef = 18DDF07018C6A7D800330998 /* SelfProfileViewController.m */; };
		6B641BCA8F20463CBF610DF7 /* libPods.a in Frameworks */ = {isa = PBXBuildFile; fileRef = 9970A6F1592642C3A229BCCE /* libPods.a */; };
		DA200D1018CA21D70005F5C4 /* AppHomeViewController.m in Sources */ = {isa = PBXBuildFile; fileRef = DA200D0F18CA21D70005F5C4 /* AppHomeViewController.m */; };
		DA84749B18DB381D00B006C8 /* ServiceConnector.m in Sources */ = {isa = PBXBuildFile; fileRef = DA84749A18DB381D00B006C8 /* ServiceConnector.m */; };
		DAAF219918FC36BB00AEFA0F /* PostRequestAdaptor.m in Sources */ = {isa = PBXBuildFile; fileRef = DAAF219818FC36BB00AEFA0F /* PostRequestAdaptor.m */; };
		DACD417C18D08140005B3747 /* LinkedinDataFetcher.m in Sources */ = {isa = PBXBuildFile; fileRef = DACD417B18D08140005B3747 /* LinkedinDataFetcher.m */; };
		DACD418218D0BD32005B3747 /* SelfProfileDetailsViewController.m in Sources */ = {isa = PBXBuildFile; fileRef = DACD418118D0BD32005B3747 /* SelfProfileDetailsViewController.m */; };
		DACD418518D0D1F8005B3747 /* SDWebImage.framework in Frameworks */ = {isa = PBXBuildFile; fileRef = DACD418418D0D1F8005B3747 /* SDWebImage.framework */; };
		DACD418718D0D238005B3747 /* ImageIO.framework in Frameworks */ = {isa = PBXBuildFile; fileRef = DACD418618D0D238005B3747 /* ImageIO.framework */; };
		DACD418918D0D412005B3747 /* placeholder.png in Resources */ = {isa = PBXBuildFile; fileRef = DACD418818D0D412005B3747 /* placeholder.png */; };
		DAD6C33C190FF2FA0058DCDC /* ChattingFlow.m in Sources */ = {isa = PBXBuildFile; fileRef = DAD6C33B190FF2FA0058DCDC /* ChattingFlow.m */; };
/* End PBXBuildFile section */

/* Begin PBXContainerItemProxy section */
		18DDF02A18C66BD300330998 /* PBXContainerItemProxy */ = {
			isa = PBXContainerItemProxy;
			containerPortal = 18DDEFFC18C66BD300330998 /* Project object */;
			proxyType = 1;
			remoteGlobalIDString = 18DDF00318C66BD300330998;
			remoteInfo = WeNetwork;
		};
/* End PBXContainerItemProxy section */

/* Begin PBXFileReference section */
		180B484D18ECB8A6008DCF1B /* NSString+ConvertToArray.h */ = {isa = PBXFileReference; fileEncoding = 4; lastKnownFileType = sourcecode.c.h; path = "NSString+ConvertToArray.h"; sourceTree = "<group>"; };
		180B484E18ECB8A6008DCF1B /* NSString+ConvertToArray.m */ = {isa = PBXFileReference; fileEncoding = 4; lastKnownFileType = sourcecode.c.objc; path = "NSString+ConvertToArray.m"; sourceTree = "<group>"; };
		181ABFD418C91FC300BA6F04 /* squirl.png */ = {isa = PBXFileReference; lastKnownFileType = image.png; path = squirl.png; sourceTree = "<group>"; };
		181ABFD618C925C500BA6F04 /* amazonUFO.png */ = {isa = PBXFileReference; lastKnownFileType = image.png; path = amazonUFO.png; sourceTree = "<group>"; };
		181ABFD818C93A1000BA6F04 /* ChatViewController.h */ = {isa = PBXFileReference; fileEncoding = 4; lastKnownFileType = sourcecode.c.h; path = ChatViewController.h; sourceTree = "<group>"; };
		181ABFD918C93A1000BA6F04 /* ChatViewController.m */ = {isa = PBXFileReference; fileEncoding = 4; lastKnownFileType = sourcecode.c.objc; path = ChatViewController.m; sourceTree = "<group>"; };
		18B2738A18EB4E33007A2225 /* HomeViewController.m */ = {isa = PBXFileReference; fileEncoding = 4; lastKnownFileType = sourcecode.c.objc; path = HomeViewController.m; sourceTree = "<group>"; };
		18DB095018C7D05500CAD97C /* MessagesViewController.h */ = {isa = PBXFileReference; fileEncoding = 4; lastKnownFileType = sourcecode.c.h; path = MessagesViewController.h; sourceTree = "<group>"; };
		18DB095118C7D05500CAD97C /* MessagesViewController.m */ = {isa = PBXFileReference; fileEncoding = 4; lastKnownFileType = sourcecode.c.objc; path = MessagesViewController.m; sourceTree = "<group>"; };
		18DB095318C7D06300CAD97C /* SettingsViewController.h */ = {isa = PBXFileReference; fileEncoding = 4; lastKnownFileType = sourcecode.c.h; path = SettingsViewController.h; sourceTree = "<group>"; };
		18DB095418C7D06300CAD97C /* SettingsViewController.m */ = {isa = PBXFileReference; fileEncoding = 4; lastKnownFileType = sourcecode.c.objc; path = SettingsViewController.m; sourceTree = "<group>"; };
		18DB095618C7D06F00CAD97C /* InviteViewController.h */ = {isa = PBXFileReference; fileEncoding = 4; lastKnownFileType = sourcecode.c.h; path = InviteViewController.h; sourceTree = "<group>"; };
		18DB095718C7D06F00CAD97C /* InviteViewController.m */ = {isa = PBXFileReference; fileEncoding = 4; lastKnownFileType = sourcecode.c.objc; path = InviteViewController.m; sourceTree = "<group>"; };
		18DB095918C7D8A800CAD97C /* ChatSliderViewController.h */ = {isa = PBXFileReference; fileEncoding = 4; lastKnownFileType = sourcecode.c.h; path = ChatSliderViewController.h; sourceTree = "<group>"; };
		18DB095A18C7D8A800CAD97C /* ChatSliderViewController.m */ = {isa = PBXFileReference; fileEncoding = 4; lastKnownFileType = sourcecode.c.objc; path = ChatSliderViewController.m; sourceTree = "<group>"; };
		18DDF00418C66BD300330998 /* WeNetwork.app */ = {isa = PBXFileReference; explicitFileType = wrapper.application; includeInIndex = 0; path = WeNetwork.app; sourceTree = BUILT_PRODUCTS_DIR; };
		18DDF00718C66BD300330998 /* Foundation.framework */ = {isa = PBXFileReference; lastKnownFileType = wrapper.framework; name = Foundation.framework; path = System/Library/Frameworks/Foundation.framework; sourceTree = SDKROOT; };
		18DDF00918C66BD300330998 /* CoreGraphics.framework */ = {isa = PBXFileReference; lastKnownFileType = wrapper.framework; name = CoreGraphics.framework; path = System/Library/Frameworks/CoreGraphics.framework; sourceTree = SDKROOT; };
		18DDF00B18C66BD300330998 /* UIKit.framework */ = {isa = PBXFileReference; lastKnownFileType = wrapper.framework; name = UIKit.framework; path = System/Library/Frameworks/UIKit.framework; sourceTree = SDKROOT; };
		18DDF00F18C66BD300330998 /* WeNetwork-Info.plist */ = {isa = PBXFileReference; lastKnownFileType = text.plist.xml; path = "WeNetwork-Info.plist"; sourceTree = "<group>"; };
		18DDF01118C66BD300330998 /* en */ = {isa = PBXFileReference; lastKnownFileType = text.plist.strings; name = en; path = en.lproj/InfoPlist.strings; sourceTree = "<group>"; };
		18DDF01318C66BD300330998 /* main.m */ = {isa = PBXFileReference; lastKnownFileType = sourcecode.c.objc; path = main.m; sourceTree = "<group>"; };
		18DDF01518C66BD300330998 /* WeNetwork-Prefix.pch */ = {isa = PBXFileReference; lastKnownFileType = sourcecode.c.h; path = "WeNetwork-Prefix.pch"; sourceTree = "<group>"; };
		18DDF01618C66BD300330998 /* AppDelegate.h */ = {isa = PBXFileReference; lastKnownFileType = sourcecode.c.h; path = AppDelegate.h; sourceTree = "<group>"; };
		18DDF01718C66BD300330998 /* AppDelegate.m */ = {isa = PBXFileReference; lastKnownFileType = sourcecode.c.objc; path = AppDelegate.m; sourceTree = "<group>"; };
		18DDF01A18C66BD300330998 /* Base */ = {isa = PBXFileReference; lastKnownFileType = file.storyboard; name = Base; path = Base.lproj/Main.storyboard; sourceTree = "<group>"; };
		18DDF01F18C66BD300330998 /* Images.xcassets */ = {isa = PBXFileReference; lastKnownFileType = folder.assetcatalog; path = Images.xcassets; sourceTree = "<group>"; };
		18DDF02518C66BD300330998 /* WeNetworkTests.xctest */ = {isa = PBXFileReference; explicitFileType = wrapper.cfbundle; includeInIndex = 0; path = WeNetworkTests.xctest; sourceTree = BUILT_PRODUCTS_DIR; };
		18DDF02618C66BD300330998 /* XCTest.framework */ = {isa = PBXFileReference; lastKnownFileType = wrapper.framework; name = XCTest.framework; path = Library/Frameworks/XCTest.framework; sourceTree = DEVELOPER_DIR; };
		18DDF02E18C66BD300330998 /* WeNetworkTests-Info.plist */ = {isa = PBXFileReference; lastKnownFileType = text.plist.xml; path = "WeNetworkTests-Info.plist"; sourceTree = "<group>"; };
		18DDF03018C66BD300330998 /* en */ = {isa = PBXFileReference; lastKnownFileType = text.plist.strings; name = en; path = en.lproj/InfoPlist.strings; sourceTree = "<group>"; };
		18DDF03218C66BD300330998 /* WeNetworkTests.m */ = {isa = PBXFileReference; lastKnownFileType = sourcecode.c.objc; path = WeNetworkTests.m; sourceTree = "<group>"; };
		18DDF04C18C681CF00330998 /* reveal-icon.png */ = {isa = PBXFileReference; lastKnownFileType = image.png; path = "reveal-icon.png"; sourceTree = "<group>"; };
		18DDF04D18C681CF00330998 /* reveal-icon@2x.png */ = {isa = PBXFileReference; lastKnownFileType = image.png; path = "reveal-icon@2x.png"; sourceTree = "<group>"; };
		18DDF05D18C6A69200330998 /* ECSlidingViewController.h */ = {isa = PBXFileReference; fileEncoding = 4; lastKnownFileType = sourcecode.c.h; path = ECSlidingViewController.h; sourceTree = "<group>"; };
		18DDF05E18C6A69200330998 /* ECSlidingViewController.m */ = {isa = PBXFileReference; fileEncoding = 4; lastKnownFileType = sourcecode.c.objc; path = ECSlidingViewController.m; sourceTree = "<group>"; };
		18DDF05F18C6A69200330998 /* UIImage+ImageWithUIView.h */ = {isa = PBXFileReference; fileEncoding = 4; lastKnownFileType = sourcecode.c.h; path = "UIImage+ImageWithUIView.h"; sourceTree = "<group>"; };
		18DDF06018C6A69200330998 /* UIImage+ImageWithUIView.m */ = {isa = PBXFileReference; fileEncoding = 4; lastKnownFileType = sourcecode.c.objc; path = "UIImage+ImageWithUIView.m"; sourceTree = "<group>"; };
		18DDF06318C6A6B500330998 /* InitViewController.h */ = {isa = PBXFileReference; fileEncoding = 4; lastKnownFileType = sourcecode.c.h; path = InitViewController.h; sourceTree = "<group>"; };
		18DDF06418C6A6B500330998 /* InitViewController.m */ = {isa = PBXFileReference; fileEncoding = 4; lastKnownFileType = sourcecode.c.objc; path = InitViewController.m; sourceTree = "<group>"; };
		18DDF06618C6A6E500330998 /* MenuViewController.h */ = {isa = PBXFileReference; fileEncoding = 4; lastKnownFileType = sourcecode.c.h; path = MenuViewController.h; sourceTree = "<group>"; };
		18DDF06718C6A6E500330998 /* MenuViewController.m */ = {isa = PBXFileReference; fileEncoding = 4; lastKnownFileType = sourcecode.c.objc; path = MenuViewController.m; sourceTree = "<group>"; };
		18DDF06C18C6A73C00330998 /* HomeViewController.h */ = {isa = PBXFileReference; fileEncoding = 4; lastKnownFileType = sourcecode.c.h; path = HomeViewController.h; sourceTree = "<group>"; };
		18DDF06F18C6A7D800330998 /* SelfProfileViewController.h */ = {isa = PBXFileReference; fileEncoding = 4; lastKnownFileType = sourcecode.c.h; path = SelfProfileViewController.h; sourceTree = "<group>"; };
		18DDF07018C6A7D800330998 /* SelfProfileViewController.m */ = {isa = PBXFileReference; fileEncoding = 4; lastKnownFileType = sourcecode.c.objc; path = SelfProfileViewController.m; sourceTree = "<group>"; };
		9970A6F1592642C3A229BCCE /* libPods.a */ = {isa = PBXFileReference; explicitFileType = archive.ar; includeInIndex = 0; path = libPods.a; sourceTree = BUILT_PRODUCTS_DIR; };
		C7CBF36AD8A147E7946463E3 /* Pods.xcconfig */ = {isa = PBXFileReference; includeInIndex = 1; lastKnownFileType = text.xcconfig; name = Pods.xcconfig; path = Pods/Pods.xcconfig; sourceTree = "<group>"; };
		DA200D0E18CA21D70005F5C4 /* AppHomeViewController.h */ = {isa = PBXFileReference; fileEncoding = 4; lastKnownFileType = sourcecode.c.h; path = AppHomeViewController.h; sourceTree = "<group>"; };
		DA200D0F18CA21D70005F5C4 /* AppHomeViewController.m */ = {isa = PBXFileReference; fileEncoding = 4; lastKnownFileType = sourcecode.c.objc; path = AppHomeViewController.m; sourceTree = "<group>"; };
		DA84749918DB381D00B006C8 /* ServiceConnector.h */ = {isa = PBXFileReference; fileEncoding = 4; lastKnownFileType = sourcecode.c.h; path = ServiceConnector.h; sourceTree = "<group>"; };
		DA84749A18DB381D00B006C8 /* ServiceConnector.m */ = {isa = PBXFileReference; fileEncoding = 4; lastKnownFileType = sourcecode.c.objc; path = ServiceConnector.m; sourceTree = "<group>"; };
		DA84749C18DB386500B006C8 /* JSONDictionaryExtensions.h */ = {isa = PBXFileReference; lastKnownFileType = sourcecode.c.h; path = JSONDictionaryExtensions.h; sourceTree = "<group>"; };
		DAAF219718FC36BB00AEFA0F /* PostRequestAdaptor.h */ = {isa = PBXFileReference; fileEncoding = 4; lastKnownFileType = sourcecode.c.h; path = PostRequestAdaptor.h; sourceTree = "<group>"; };
		DAAF219818FC36BB00AEFA0F /* PostRequestAdaptor.m */ = {isa = PBXFileReference; fileEncoding = 4; lastKnownFileType = sourcecode.c.objc; path = PostRequestAdaptor.m; sourceTree = "<group>"; };
		DACD417A18D08140005B3747 /* LinkedinDataFetcher.h */ = {isa = PBXFileReference; fileEncoding = 4; lastKnownFileType = sourcecode.c.h; path = LinkedinDataFetcher.h; sourceTree = "<group>"; };
		DACD417B18D08140005B3747 /* LinkedinDataFetcher.m */ = {isa = PBXFileReference; fileEncoding = 4; lastKnownFileType = sourcecode.c.objc; path = LinkedinDataFetcher.m; sourceTree = "<group>"; };
		DACD418018D0BD32005B3747 /* SelfProfileDetailsViewController.h */ = {isa = PBXFileReference; fileEncoding = 4; lastKnownFileType = sourcecode.c.h; path = SelfProfileDetailsViewController.h; sourceTree = "<group>"; };
		DACD418118D0BD32005B3747 /* SelfProfileDetailsViewController.m */ = {isa = PBXFileReference; fileEncoding = 4; lastKnownFileType = sourcecode.c.objc; path = SelfProfileDetailsViewController.m; sourceTree = "<group>"; };
		DACD418418D0D1F8005B3747 /* SDWebImage.framework */ = {isa = PBXFileReference; lastKnownFileType = wrapper.framework; path = SDWebImage.framework; sourceTree = "<group>"; };
		DACD418618D0D238005B3747 /* ImageIO.framework */ = {isa = PBXFileReference; lastKnownFileType = wrapper.framework; name = ImageIO.framework; path = System/Library/Frameworks/ImageIO.framework; sourceTree = SDKROOT; };
		DACD418818D0D412005B3747 /* placeholder.png */ = {isa = PBXFileReference; lastKnownFileType = image.png; path = placeholder.png; sourceTree = "<group>"; };
		DAD6C33A190FF2FA0058DCDC /* ChattingFlow.h */ = {isa = PBXFileReference; fileEncoding = 4; lastKnownFileType = sourcecode.c.h; path = ChattingFlow.h; sourceTree = "<group>"; };
		DAD6C33B190FF2FA0058DCDC /* ChattingFlow.m */ = {isa = PBXFileReference; fileEncoding = 4; lastKnownFileType = sourcecode.c.objc; path = ChattingFlow.m; sourceTree = "<group>"; };
/* End PBXFileReference section */

/* Begin PBXFrameworksBuildPhase section */
		18DDF00118C66BD300330998 /* Frameworks */ = {
			isa = PBXFrameworksBuildPhase;
			buildActionMask = 2147483647;
			files = (
				DACD418718D0D238005B3747 /* ImageIO.framework in Frameworks */,
				DACD418518D0D1F8005B3747 /* SDWebImage.framework in Frameworks */,
				18DDF00A18C66BD300330998 /* CoreGraphics.framework in Frameworks */,
				18DDF00C18C66BD300330998 /* UIKit.framework in Frameworks */,
				18DDF00818C66BD300330998 /* Foundation.framework in Frameworks */,
				6B641BCA8F20463CBF610DF7 /* libPods.a in Frameworks */,
			);
			runOnlyForDeploymentPostprocessing = 0;
		};
		18DDF02218C66BD300330998 /* Frameworks */ = {
			isa = PBXFrameworksBuildPhase;
			buildActionMask = 2147483647;
			files = (
				18DDF02718C66BD300330998 /* XCTest.framework in Frameworks */,
				18DDF02918C66BD300330998 /* UIKit.framework in Frameworks */,
				18DDF02818C66BD300330998 /* Foundation.framework in Frameworks */,
			);
			runOnlyForDeploymentPostprocessing = 0;
		};
/* End PBXFrameworksBuildPhase section */

/* Begin PBXGroup section */
		180B485018ECBA3F008DCF1B /* Utilities */ = {
			isa = PBXGroup;
			children = (
				DA84749C18DB386500B006C8 /* JSONDictionaryExtensions.h */,
				180B484D18ECB8A6008DCF1B /* NSString+ConvertToArray.h */,
				180B484E18ECB8A6008DCF1B /* NSString+ConvertToArray.m */,
				DAAF219718FC36BB00AEFA0F /* PostRequestAdaptor.h */,
				DAAF219818FC36BB00AEFA0F /* PostRequestAdaptor.m */,
				DAD6C33A190FF2FA0058DCDC /* ChattingFlow.h */,
				DAD6C33B190FF2FA0058DCDC /* ChattingFlow.m */,
			);
			name = Utilities;
			sourceTree = "<group>";
		};
		181ABFD318C91FA700BA6F04 /* AppImages */ = {
			isa = PBXGroup;
			children = (
				DACD418818D0D412005B3747 /* placeholder.png */,
				181ABFD618C925C500BA6F04 /* amazonUFO.png */,
				181ABFD418C91FC300BA6F04 /* squirl.png */,
				18DDF04C18C681CF00330998 /* reveal-icon.png */,
				18DDF04D18C681CF00330998 /* reveal-icon@2x.png */,
			);
			name = AppImages;
			sourceTree = "<group>";
		};
		18DB094F18C7CD7100CAD97C /* AppDetailsViewControllers */ = {
			isa = PBXGroup;
			children = (
				18DDF06C18C6A73C00330998 /* HomeViewController.h */,
				18B2738A18EB4E33007A2225 /* HomeViewController.m */,
				18DB095018C7D05500CAD97C /* MessagesViewController.h */,
				18DB095118C7D05500CAD97C /* MessagesViewController.m */,
				18DB095318C7D06300CAD97C /* SettingsViewController.h */,
				18DB095418C7D06300CAD97C /* SettingsViewController.m */,
				18DB095618C7D06F00CAD97C /* InviteViewController.h */,
				18DB095718C7D06F00CAD97C /* InviteViewController.m */,
				18DDF06F18C6A7D800330998 /* SelfProfileViewController.h */,
				18DDF07018C6A7D800330998 /* SelfProfileViewController.m */,
			);
			name = AppDetailsViewControllers;
			sourceTree = "<group>";
		};
		18DB095C18C7D90600CAD97C /* Sliders */ = {
			isa = PBXGroup;
			children = (
				18DDF06618C6A6E500330998 /* MenuViewController.h */,
				18DDF06718C6A6E500330998 /* MenuViewController.m */,
				18DB095918C7D8A800CAD97C /* ChatSliderViewController.h */,
				18DB095A18C7D8A800CAD97C /* ChatSliderViewController.m */,
			);
			name = Sliders;
			sourceTree = "<group>";
		};
		18DDEFFB18C66BD300330998 = {
			isa = PBXGroup;
			children = (
				DACD418418D0D1F8005B3747 /* SDWebImage.framework */,
				18DDF00D18C66BD300330998 /* WeNetwork */,
				18DDF02C18C66BD300330998 /* WeNetworkTests */,
				18DDF00618C66BD300330998 /* Frameworks */,
				18DDF00518C66BD300330998 /* Products */,
				C7CBF36AD8A147E7946463E3 /* Pods.xcconfig */,
			);
			sourceTree = "<group>";
		};
		18DDF00518C66BD300330998 /* Products */ = {
			isa = PBXGroup;
			children = (
				18DDF00418C66BD300330998 /* WeNetwork.app */,
				18DDF02518C66BD300330998 /* WeNetworkTests.xctest */,
			);
			name = Products;
			sourceTree = "<group>";
		};
		18DDF00618C66BD300330998 /* Frameworks */ = {
			isa = PBXGroup;
			children = (
				DACD418618D0D238005B3747 /* ImageIO.framework */,
				18DDF00718C66BD300330998 /* Foundation.framework */,
				18DDF00918C66BD300330998 /* CoreGraphics.framework */,
				18DDF00B18C66BD300330998 /* UIKit.framework */,
				18DDF02618C66BD300330998 /* XCTest.framework */,
				9970A6F1592642C3A229BCCE /* libPods.a */,
			);
			name = Frameworks;
			sourceTree = "<group>";
		};
		18DDF00D18C66BD300330998 /* WeNetwork */ = {
			isa = PBXGroup;
			children = (
				DA84749818DB37E800B006C8 /* DataBaseController */,
				180B485018ECBA3F008DCF1B /* Utilities */,
				DA438E6018D7539F00E1A16E /* SegueDesintaionViewController */,
				DA200D0D18CA19160005F5C4 /* LinkedinController */,
				18DB095C18C7D90600CAD97C /* Sliders */,
				18DB094F18C7CD7100CAD97C /* AppDetailsViewControllers */,
				18DDF05C18C6A69200330998 /* ECSlidingViewController */,
				18DDF00E18C66BD300330998 /* Supporting Files */,
				18DDF01918C66BD300330998 /* Main.storyboard */,
				18DDF06318C6A6B500330998 /* InitViewController.h */,
				18DDF06418C6A6B500330998 /* InitViewController.m */,
			);
			path = WeNetwork;
			sourceTree = "<group>";
		};
		18DDF00E18C66BD300330998 /* Supporting Files */ = {
			isa = PBXGroup;
			children = (
				181ABFD318C91FA700BA6F04 /* AppImages */,
				18DDF01618C66BD300330998 /* AppDelegate.h */,
				18DDF01718C66BD300330998 /* AppDelegate.m */,
				18DDF01F18C66BD300330998 /* Images.xcassets */,
				18DDF00F18C66BD300330998 /* WeNetwork-Info.plist */,
				18DDF01018C66BD300330998 /* InfoPlist.strings */,
				18DDF01318C66BD300330998 /* main.m */,
				18DDF01518C66BD300330998 /* WeNetwork-Prefix.pch */,
			);
			name = "Supporting Files";
			sourceTree = "<group>";
		};
		18DDF02C18C66BD300330998 /* WeNetworkTests */ = {
			isa = PBXGroup;
			children = (
				18DDF03218C66BD300330998 /* WeNetworkTests.m */,
				18DDF02D18C66BD300330998 /* Supporting Files */,
			);
			path = WeNetworkTests;
			sourceTree = "<group>";
		};
		18DDF02D18C66BD300330998 /* Supporting Files */ = {
			isa = PBXGroup;
			children = (
				18DDF02E18C66BD300330998 /* WeNetworkTests-Info.plist */,
				18DDF02F18C66BD300330998 /* InfoPlist.strings */,
			);
			name = "Supporting Files";
			sourceTree = "<group>";
		};
		18DDF05C18C6A69200330998 /* ECSlidingViewController */ = {
			isa = PBXGroup;
			children = (
				18DDF05D18C6A69200330998 /* ECSlidingViewController.h */,
				18DDF05E18C6A69200330998 /* ECSlidingViewController.m */,
				18DDF05F18C6A69200330998 /* UIImage+ImageWithUIView.h */,
				18DDF06018C6A69200330998 /* UIImage+ImageWithUIView.m */,
			);
			path = ECSlidingViewController;
			sourceTree = "<group>";
		};
		DA200D0D18CA19160005F5C4 /* LinkedinController */ = {
			isa = PBXGroup;
			children = (
				DA200D0E18CA21D70005F5C4 /* AppHomeViewController.h */,
				DA200D0F18CA21D70005F5C4 /* AppHomeViewController.m */,
				DACD417A18D08140005B3747 /* LinkedinDataFetcher.h */,
				DACD417B18D08140005B3747 /* LinkedinDataFetcher.m */,
			);
			name = LinkedinController;
			sourceTree = "<group>";
		};
		DA438E6018D7539F00E1A16E /* SegueDesintaionViewController */ = {
			isa = PBXGroup;
			children = (
				181ABFD818C93A1000BA6F04 /* ChatViewController.h */,
				181ABFD918C93A1000BA6F04 /* ChatViewController.m */,
				DACD418018D0BD32005B3747 /* SelfProfileDetailsViewController.h */,
				DACD418118D0BD32005B3747 /* SelfProfileDetailsViewController.m */,
			);
			name = SegueDesintaionViewController;
			sourceTree = "<group>";
		};
		DA84749818DB37E800B006C8 /* DataBaseController */ = {
			isa = PBXGroup;
			children = (
				DA84749918DB381D00B006C8 /* ServiceConnector.h */,
				DA84749A18DB381D00B006C8 /* ServiceConnector.m */,
			);
			name = DataBaseController;
			sourceTree = "<group>";
		};
/* End PBXGroup section */

/* Begin PBXNativeTarget section */
		18DDF00318C66BD300330998 /* WeNetwork */ = {
			isa = PBXNativeTarget;
			buildConfigurationList = 18DDF03618C66BD300330998 /* Build configuration list for PBXNativeTarget "WeNetwork" */;
			buildPhases = (
				1E7C23461FCF4D5EA0818257 /* Check Pods Manifest.lock */,
				18DDF00018C66BD300330998 /* Sources */,
				18DDF00118C66BD300330998 /* Frameworks */,
				18DDF00218C66BD300330998 /* Resources */,
				86145FAB3D1446AA89CB2A69 /* Copy Pods Resources */,
			);
			buildRules = (
			);
			dependencies = (
			);
			name = WeNetwork;
			productName = WeNetwork;
			productReference = 18DDF00418C66BD300330998 /* WeNetwork.app */;
			productType = "com.apple.product-type.application";
		};
		18DDF02418C66BD300330998 /* WeNetworkTests */ = {
			isa = PBXNativeTarget;
			buildConfigurationList = 18DDF03918C66BD300330998 /* Build configuration list for PBXNativeTarget "WeNetworkTests" */;
			buildPhases = (
				18DDF02118C66BD300330998 /* Sources */,
				18DDF02218C66BD300330998 /* Frameworks */,
				18DDF02318C66BD300330998 /* Resources */,
			);
			buildRules = (
			);
			dependencies = (
				18DDF02B18C66BD300330998 /* PBXTargetDependency */,
			);
			name = WeNetworkTests;
			productName = WeNetworkTests;
			productReference = 18DDF02518C66BD300330998 /* WeNetworkTests.xctest */;
			productType = "com.apple.product-type.bundle.unit-test";
		};
/* End PBXNativeTarget section */

/* Begin PBXProject section */
		18DDEFFC18C66BD300330998 /* Project object */ = {
			isa = PBXProject;
			attributes = {
				LastUpgradeCheck = 0500;
				ORGANIZATIONNAME = Deszie;
				TargetAttributes = {
					18DDF02418C66BD300330998 = {
						TestTargetID = 18DDF00318C66BD300330998;
					};
				};
			};
			buildConfigurationList = 18DDEFFF18C66BD300330998 /* Build configuration list for PBXProject "WeNetwork" */;
			compatibilityVersion = "Xcode 3.2";
			developmentRegion = English;
			hasScannedForEncodings = 0;
			knownRegions = (
				en,
				Base,
			);
			mainGroup = 18DDEFFB18C66BD300330998;
			productRefGroup = 18DDF00518C66BD300330998 /* Products */;
			projectDirPath = "";
			projectRoot = "";
			targets = (
				18DDF00318C66BD300330998 /* WeNetwork */,
				18DDF02418C66BD300330998 /* WeNetworkTests */,
			);
		};
/* End PBXProject section */

/* Begin PBXResourcesBuildPhase section */
		18DDF00218C66BD300330998 /* Resources */ = {
			isa = PBXResourcesBuildPhase;
			buildActionMask = 2147483647;
			files = (
				18DDF02018C66BD300330998 /* Images.xcassets in Resources */,
				18DDF01218C66BD300330998 /* InfoPlist.strings in Resources */,
				18DDF01B18C66BD300330998 /* Main.storyboard in Resources */,
				181ABFD518C91FC300BA6F04 /* squirl.png in Resources */,
				18DDF05218C681CF00330998 /* reveal-icon@2x.png in Resources */,
				DACD418918D0D412005B3747 /* placeholder.png in Resources */,
				181ABFD718C925C500BA6F04 /* amazonUFO.png in Resources */,
				18DDF05118C681CF00330998 /* reveal-icon.png in Resources */,
			);
			runOnlyForDeploymentPostprocessing = 0;
		};
		18DDF02318C66BD300330998 /* Resources */ = {
			isa = PBXResourcesBuildPhase;
			buildActionMask = 2147483647;
			files = (
				18DDF03118C66BD300330998 /* InfoPlist.strings in Resources */,
			);
			runOnlyForDeploymentPostprocessing = 0;
		};
/* End PBXResourcesBuildPhase section */

/* Begin PBXShellScriptBuildPhase section */
		1E7C23461FCF4D5EA0818257 /* Check Pods Manifest.lock */ = {
			isa = PBXShellScriptBuildPhase;
			buildActionMask = 2147483647;
			files = (
			);
			inputPaths = (
			);
			name = "Check Pods Manifest.lock";
			outputPaths = (
			);
			runOnlyForDeploymentPostprocessing = 0;
			shellPath = /bin/sh;
			shellScript = "diff \"${PODS_ROOT}/../Podfile.lock\" \"${PODS_ROOT}/Manifest.lock\" > /dev/null\nif [[ $? != 0 ]] ; then\n    cat << EOM\nerror: The sandbox is not in sync with the Podfile.lock. Run 'pod install' or update your CocoaPods installation.\nEOM\n    exit 1\nfi\n";
			showEnvVarsInLog = 0;
		};
		86145FAB3D1446AA89CB2A69 /* Copy Pods Resources */ = {
			isa = PBXShellScriptBuildPhase;
			buildActionMask = 2147483647;
			files = (
			);
			inputPaths = (
			);
			name = "Copy Pods Resources";
			outputPaths = (
			);
			runOnlyForDeploymentPostprocessing = 0;
			shellPath = /bin/sh;
			shellScript = "\"${SRCROOT}/Pods/Pods-resources.sh\"\n";
			showEnvVarsInLog = 0;
		};
/* End PBXShellScriptBuildPhase section */

/* Begin PBXSourcesBuildPhase section */
		18DDF00018C66BD300330998 /* Sources */ = {
			isa = PBXSourcesBuildPhase;
			buildActionMask = 2147483647;
			files = (
				181ABFDA18C93A1000BA6F04 /* ChatViewController.m in Sources */,
				18DDF06218C6A69200330998 /* UIImage+ImageWithUIView.m in Sources */,
				18DB095818C7D06F00CAD97C /* InviteViewController.m in Sources */,
				DA84749B18DB381D00B006C8 /* ServiceConnector.m in Sources */,
				DACD417C18D08140005B3747 /* LinkedinDataFetcher.m in Sources */,
				18DDF06818C6A6E500330998 /* MenuViewController.m in Sources */,
				18DB095218C7D05500CAD97C /* MessagesViewController.m in Sources */,
				18DDF01818C66BD300330998 /* AppDelegate.m in Sources */,
				DAAF219918FC36BB00AEFA0F /* PostRequestAdaptor.m in Sources */,
				180B484F18ECB8A6008DCF1B /* NSString+ConvertToArray.m in Sources */,
				18B2738B18EB4E33007A2225 /* HomeViewController.m in Sources */,
				DAD6C33C190FF2FA0058DCDC /* ChattingFlow.m in Sources */,
				18DDF07118C6A7D800330998 /* SelfProfileViewController.m in Sources */,
				18DDF06518C6A6B500330998 /* InitViewController.m in Sources */,
				18DB095B18C7D8A800CAD97C /* ChatSliderViewController.m in Sources */,
				18DB095518C7D06300CAD97C /* SettingsViewController.m in Sources */,
				18DDF01418C66BD300330998 /* main.m in Sources */,
				18DDF06118C6A69200330998 /* ECSlidingViewController.m in Sources */,
				DA200D1018CA21D70005F5C4 /* AppHomeViewController.m in Sources */,
				DACD418218D0BD32005B3747 /* SelfProfileDetailsViewController.m in Sources */,
			);
			runOnlyForDeploymentPostprocessing = 0;
		};
		18DDF02118C66BD300330998 /* Sources */ = {
			isa = PBXSourcesBuildPhase;
			buildActionMask = 2147483647;
			files = (
				18DDF03318C66BD300330998 /* WeNetworkTests.m in Sources */,
			);
			runOnlyForDeploymentPostprocessing = 0;
		};
/* End PBXSourcesBuildPhase section */

/* Begin PBXTargetDependency section */
		18DDF02B18C66BD300330998 /* PBXTargetDependency */ = {
			isa = PBXTargetDependency;
			target = 18DDF00318C66BD300330998 /* WeNetwork */;
			targetProxy = 18DDF02A18C66BD300330998 /* PBXContainerItemProxy */;
		};
/* End PBXTargetDependency section */

/* Begin PBXVariantGroup section */
		18DDF01018C66BD300330998 /* InfoPlist.strings */ = {
			isa = PBXVariantGroup;
			children = (
				18DDF01118C66BD300330998 /* en */,
			);
			name = InfoPlist.strings;
			sourceTree = "<group>";
		};
		18DDF01918C66BD300330998 /* Main.storyboard */ = {
			isa = PBXVariantGroup;
			children = (
				18DDF01A18C66BD300330998 /* Base */,
			);
			name = Main.storyboard;
			sourceTree = "<group>";
		};
		18DDF02F18C66BD300330998 /* InfoPlist.strings */ = {
			isa = PBXVariantGroup;
			children = (
				18DDF03018C66BD300330998 /* en */,
			);
			name = InfoPlist.strings;
			sourceTree = "<group>";
		};
/* End PBXVariantGroup section */

/* Begin XCBuildConfiguration section */
		18DDF03418C66BD300330998 /* Debug */ = {
			isa = XCBuildConfiguration;
			buildSettings = {
				ALWAYS_SEARCH_USER_PATHS = NO;
				ARCHS = "$(ARCHS_STANDARD_INCLUDING_64_BIT)";
				CLANG_CXX_LANGUAGE_STANDARD = "gnu++0x";
				CLANG_CXX_LIBRARY = "libc++";
				CLANG_ENABLE_MODULES = YES;
				CLANG_ENABLE_OBJC_ARC = YES;
				CLANG_WARN_BOOL_CONVERSION = YES;
				CLANG_WARN_CONSTANT_CONVERSION = YES;
				CLANG_WARN_DIRECT_OBJC_ISA_USAGE = YES_ERROR;
				CLANG_WARN_EMPTY_BODY = YES;
				CLANG_WARN_ENUM_CONVERSION = YES;
				CLANG_WARN_INT_CONVERSION = YES;
				CLANG_WARN_OBJC_ROOT_CLASS = YES_ERROR;
				CLANG_WARN__DUPLICATE_METHOD_MATCH = YES;
				"CODE_SIGN_IDENTITY[sdk=iphoneos*]" = "iPhone Developer";
				COPY_PHASE_STRIP = NO;
				GCC_C_LANGUAGE_STANDARD = gnu99;
				GCC_DYNAMIC_NO_PIC = NO;
				GCC_OPTIMIZATION_LEVEL = 0;
				GCC_PREPROCESSOR_DEFINITIONS = (
					"DEBUG=1",
					"$(inherited)",
				);
				GCC_SYMBOLS_PRIVATE_EXTERN = NO;
				GCC_WARN_64_TO_32_BIT_CONVERSION = YES;
				GCC_WARN_ABOUT_RETURN_TYPE = YES_ERROR;
				GCC_WARN_UNDECLARED_SELECTOR = YES;
				GCC_WARN_UNINITIALIZED_AUTOS = YES;
				GCC_WARN_UNUSED_FUNCTION = YES;
				GCC_WARN_UNUSED_VARIABLE = YES;
				IPHONEOS_DEPLOYMENT_TARGET = 7.0;
				ONLY_ACTIVE_ARCH = YES;
				SDKROOT = iphoneos;
			};
			name = Debug;
		};
		18DDF03518C66BD300330998 /* Release */ = {
			isa = XCBuildConfiguration;
			buildSettings = {
				ALWAYS_SEARCH_USER_PATHS = NO;
				ARCHS = "$(ARCHS_STANDARD_INCLUDING_64_BIT)";
				CLANG_CXX_LANGUAGE_STANDARD = "gnu++0x";
				CLANG_CXX_LIBRARY = "libc++";
				CLANG_ENABLE_MODULES = YES;
				CLANG_ENABLE_OBJC_ARC = YES;
				CLANG_WARN_BOOL_CONVERSION = YES;
				CLANG_WARN_CONSTANT_CONVERSION = YES;
				CLANG_WARN_DIRECT_OBJC_ISA_USAGE = YES_ERROR;
				CLANG_WARN_EMPTY_BODY = YES;
				CLANG_WARN_ENUM_CONVERSION = YES;
				CLANG_WARN_INT_CONVERSION = YES;
				CLANG_WARN_OBJC_ROOT_CLASS = YES_ERROR;
				CLANG_WARN__DUPLICATE_METHOD_MATCH = YES;
				"CODE_SIGN_IDENTITY[sdk=iphoneos*]" = "iPhone Developer";
				COPY_PHASE_STRIP = YES;
				ENABLE_NS_ASSERTIONS = NO;
				GCC_C_LANGUAGE_STANDARD = gnu99;
				GCC_WARN_64_TO_32_BIT_CONVERSION = YES;
				GCC_WARN_ABOUT_RETURN_TYPE = YES_ERROR;
				GCC_WARN_UNDECLARED_SELECTOR = YES;
				GCC_WARN_UNINITIALIZED_AUTOS = YES;
				GCC_WARN_UNUSED_FUNCTION = YES;
				GCC_WARN_UNUSED_VARIABLE = YES;
				IPHONEOS_DEPLOYMENT_TARGET = 7.0;
				SDKROOT = iphoneos;
				VALIDATE_PRODUCT = YES;
			};
			name = Release;
		};
		18DDF03718C66BD300330998 /* Debug */ = {
			isa = XCBuildConfiguration;
			baseConfigurationReference = C7CBF36AD8A147E7946463E3 /* Pods.xcconfig */;
			buildSettings = {
				ASSETCATALOG_COMPILER_APPICON_NAME = AppIcon;
				ASSETCATALOG_COMPILER_LAUNCHIMAGE_NAME = LaunchImage;
				FRAMEWORK_SEARCH_PATHS = (
					"$(inherited)",
					"$(PROJECT_DIR)",
				);
				GCC_PRECOMPILE_PREFIX_HEADER = YES;
				GCC_PREFIX_HEADER = "WeNetwork/WeNetwork-Prefix.pch";
				INFOPLIST_FILE = "WeNetwork/WeNetwork-Info.plist";
				IPHONEOS_DEPLOYMENT_TARGET = 6.0;
				PRODUCT_NAME = "$(TARGET_NAME)";
				WRAPPER_EXTENSION = app;
			};
			name = Debug;
		};
		18DDF03818C66BD300330998 /* Release */ = {
			isa = XCBuildConfiguration;
			baseConfigurationReference = C7CBF36AD8A147E7946463E3 /* Pods.xcconfig */;
			buildSettings = {
				ASSETCATALOG_COMPILER_APPICON_NAME = AppIcon;
				ASSETCATALOG_COMPILER_LAUNCHIMAGE_NAME = LaunchImage;
				FRAMEWORK_SEARCH_PATHS = (
					"$(inherited)",
					"$(PROJECT_DIR)",
				);
				GCC_PRECOMPILE_PREFIX_HEADER = YES;
				GCC_PREFIX_HEADER = "WeNetwork/WeNetwork-Prefix.pch";
				INFOPLIST_FILE = "WeNetwork/WeNetwork-Info.plist";
				IPHONEOS_DEPLOYMENT_TARGET = 6.0;
				PRODUCT_NAME = "$(TARGET_NAME)";
				WRAPPER_EXTENSION = app;
			};
			name = Release;
		};
		18DDF03A18C66BD300330998 /* Debug */ = {
			isa = XCBuildConfiguration;
			buildSettings = {
				ARCHS = "$(ARCHS_STANDARD_INCLUDING_64_BIT)";
				BUNDLE_LOADER = "$(BUILT_PRODUCTS_DIR)/WeNetwork.app/WeNetwork";
				FRAMEWORK_SEARCH_PATHS = (
					"$(SDKROOT)/Developer/Library/Frameworks",
					"$(inherited)",
					"$(DEVELOPER_FRAMEWORKS_DIR)",
				);
				GCC_PRECOMPILE_PREFIX_HEADER = YES;
				GCC_PREFIX_HEADER = "WeNetwork/WeNetwork-Prefix.pch";
				GCC_PREPROCESSOR_DEFINITIONS = (
					"DEBUG=1",
					"$(inherited)",
				);
				INFOPLIST_FILE = "WeNetworkTests/WeNetworkTests-Info.plist";
				PRODUCT_NAME = "$(TARGET_NAME)";
				TEST_HOST = "$(BUNDLE_LOADER)";
				WRAPPER_EXTENSION = xctest;
			};
			name = Debug;
		};
		18DDF03B18C66BD300330998 /* Release */ = {
			isa = XCBuildConfiguration;
			buildSettings = {
				ARCHS = "$(ARCHS_STANDARD_INCLUDING_64_BIT)";
				BUNDLE_LOADER = "$(BUILT_PRODUCTS_DIR)/WeNetwork.app/WeNetwork";
				FRAMEWORK_SEARCH_PATHS = (
					"$(SDKROOT)/Developer/Library/Frameworks",
					"$(inherited)",
					"$(DEVELOPER_FRAMEWORKS_DIR)",
				);
				GCC_PRECOMPILE_PREFIX_HEADER = YES;
				GCC_PREFIX_HEADER = "WeNetwork/WeNetwork-Prefix.pch";
				INFOPLIST_FILE = "WeNetworkTests/WeNetworkTests-Info.plist";
				PRODUCT_NAME = "$(TARGET_NAME)";
				TEST_HOST = "$(BUNDLE_LOADER)";
				WRAPPER_EXTENSION = xctest;
			};
			name = Release;
		};
/* End XCBuildConfiguration section */

/* Begin XCConfigurationList section */
		18DDEFFF18C66BD300330998 /* Build configuration list for PBXProject "WeNetwork" */ = {
			isa = XCConfigurationList;
			buildConfigurations = (
				18DDF03418C66BD300330998 /* Debug */,
				18DDF03518C66BD300330998 /* Release */,
			);
			defaultConfigurationIsVisible = 0;
			defaultConfigurationName = Release;
		};
		18DDF03618C66BD300330998 /* Build configuration list for PBXNativeTarget "WeNetwork" */ = {
			isa = XCConfigurationList;
			buildConfigurations = (
				18DDF03718C66BD300330998 /* Debug */,
				18DDF03818C66BD300330998 /* Release */,
			);
			defaultConfigurationIsVisible = 0;
			defaultConfigurationName = Release;
		};
		18DDF03918C66BD300330998 /* Build configuration list for PBXNativeTarget "WeNetworkTests" */ = {
			isa = XCConfigurationList;
			buildConfigurations = (
				18DDF03A18C66BD300330998 /* Debug */,
				18DDF03B18C66BD300330998 /* Release */,
			);
			defaultConfigurationIsVisible = 0;
			defaultConfigurationName = Release;
		};
/* End XCConfigurationList section */
	};
	rootObject = 18DDEFFC18C66BD300330998 /* Project object */;
}
